
Microsoft Visual Studio Solution File, Format Version 12.00
# Visual Studio Version 17
VisualStudioVersion = 17.10.35013.160
MinimumVisualStudioVersion = 10.0.40219.1
Project("{9A19103F-16F7-4668-BE54-9A1E7A4F7556}") = "LoginAppAuth", "LoginAppAuth\LoginAppAuth.csproj", "{C7C0CEAC-6787-4B6A-AF65-A57AAC3FB52D}"
EndProject
Global
	GlobalSection(SolutionConfigurationPlatforms) = preSolution
		Debug|Any CPU = Debug|Any CPU
		Release|Any CPU = Release|Any CPU
	EndGlobalSection
	GlobalSection(ProjectConfigurationPlatforms) = postSolution
		{C7C0CEAC-6787-4B6A-AF65-A57AAC3FB52D}.Debug|Any CPU.ActiveCfg = Debug|Any CPU
		{C7C0CEAC-6787-4B6A-AF65-A57AAC3FB52D}.Debug|Any CPU.Build.0 = Debug|Any CPU
		{C7C0CEAC-6787-4B6A-AF65-A57AAC3FB52D}.Release|Any CPU.ActiveCfg = Release|Any CPU
		{C7C0CEAC-6787-4B6A-AF65-A57AAC3FB52D}.Release|Any CPU.Build.0 = Release|Any CPU
	EndGlobalSection
	GlobalSection(SolutionProperties) = preSolution
		HideSolutionNode = FALSE
	EndGlobalSection
	GlobalSection(ExtensibilityGlobals) = postSolution
		SolutionGuid = {466CCDB7-E48E-4BA5-8F32-4C3030C73512}
	EndGlobalSection
EndGlobal
